// !$*UTF8*$!
{
	archiveVersion = 1;
	classes = {
	};
	objectVersion = 56;
	objects = {

/* Begin PBXBuildFile section */
		6EF2BE932C62161200029A40 /* AppDelegate.swift in Sources */ = {isa = PBXBuildFile; fileRef = 6EF2BE922C62161200029A40 /* AppDelegate.swift */; };
		6EF2BE952C62161200029A40 /* SceneDelegate.swift in Sources */ = {isa = PBXBuildFile; fileRef = 6EF2BE942C62161200029A40 /* SceneDelegate.swift */; };
		6EF2BE9C2C62161500029A40 /* Assets.xcassets in Resources */ = {isa = PBXBuildFile; fileRef = 6EF2BE9B2C62161500029A40 /* Assets.xcassets */; };
		6EF2BF312C62348000029A40 /* DeviceWorkTimelineView.swift in Sources */ = {isa = PBXBuildFile; fileRef = 6EF2BF1D2C62347F00029A40 /* DeviceWorkTimelineView.swift */; };
		6EF2BF322C62348000029A40 /* TimelinePositionProvider.swift in Sources */ = {isa = PBXBuildFile; fileRef = 6EF2BF1E2C62347F00029A40 /* TimelinePositionProvider.swift */; };
		6EF2BF332C62348000029A40 /* TimelineChartDataEntry.swift in Sources */ = {isa = PBXBuildFile; fileRef = 6EF2BF202C62347F00029A40 /* TimelineChartDataEntry.swift */; };
		6EF2BF342C62348000029A40 /* TimelineInterval.swift in Sources */ = {isa = PBXBuildFile; fileRef = 6EF2BF212C62347F00029A40 /* TimelineInterval.swift */; };
		6EF2BF352C62348000029A40 /* TimelineChartMode.swift in Sources */ = {isa = PBXBuildFile; fileRef = 6EF2BF232C62347F00029A40 /* TimelineChartMode.swift */; };
		6EF2BF362C62348000029A40 /* TimelineChartRenderer.swift in Sources */ = {isa = PBXBuildFile; fileRef = 6EF2BF242C62347F00029A40 /* TimelineChartRenderer.swift */; };
		6EF2BF372C62348000029A40 /* TimelineChartView.swift in Sources */ = {isa = PBXBuildFile; fileRef = 6EF2BF252C62347F00029A40 /* TimelineChartView.swift */; };
		6EF2BF382C62348000029A40 /* TimelineChartXAxisRenderer.swift in Sources */ = {isa = PBXBuildFile; fileRef = 6EF2BF262C62347F00029A40 /* TimelineChartXAxisRenderer.swift */; };
		6EF2BF392C62348000029A40 /* TimelineMinuteValueFormatter.swift in Sources */ = {isa = PBXBuildFile; fileRef = 6EF2BF272C62347F00029A40 /* TimelineMinuteValueFormatter.swift */; };
		6EF2BF3A2C62348000029A40 /* LegendCell.swift in Sources */ = {isa = PBXBuildFile; fileRef = 6EF2BF292C62347F00029A40 /* LegendCell.swift */; };
		6EF2BF3B2C62348000029A40 /* LegendsCollectionView.swift in Sources */ = {isa = PBXBuildFile; fileRef = 6EF2BF2B2C62347F00029A40 /* LegendsCollectionView.swift */; };
		6EF2BF3C2C62348000029A40 /* LegendsFlowLayout.swift in Sources */ = {isa = PBXBuildFile; fileRef = 6EF2BF2C2C62347F00029A40 /* LegendsFlowLayout.swift */; };
		6EF2BF3D2C62348000029A40 /* LegendItem.swift in Sources */ = {isa = PBXBuildFile; fileRef = 6EF2BF2E2C62347F00029A40 /* LegendItem.swift */; };
		6EF2BF3E2C62348000029A40 /* LegendsView.swift in Sources */ = {isa = PBXBuildFile; fileRef = 6EF2BF2F2C62347F00029A40 /* LegendsView.swift */; };
		6EF2BF412C6238A000029A40 /* UIColor+Extension.swift in Sources */ = {isa = PBXBuildFile; fileRef = 6EF2BF402C6238A000029A40 /* UIColor+Extension.swift */; };
		6EF2BF432C62390E00029A40 /* UIColor+HexCode.swift in Sources */ = {isa = PBXBuildFile; fileRef = 6EF2BF422C62390E00029A40 /* UIColor+HexCode.swift */; };
		6EF2BF452C623C2800029A40 /* GradientColors.swift in Sources */ = {isa = PBXBuildFile; fileRef = 6EF2BF442C623C2700029A40 /* GradientColors.swift */; };
		6EF2BF482C62413D00029A40 /* UIView+Helpers.swift in Sources */ = {isa = PBXBuildFile; fileRef = 6EF2BF472C62413D00029A40 /* UIView+Helpers.swift */; };
		6EF2BF4A2C62421500029A40 /* CAGradientLayer+Extension.swift in Sources */ = {isa = PBXBuildFile; fileRef = 6EF2BF492C62421500029A40 /* CAGradientLayer+Extension.swift */; };
		6EF2BF4C2C62443900029A40 /* NSAttributedString+TextStyle.swift in Sources */ = {isa = PBXBuildFile; fileRef = 6EF2BF4B2C62443900029A40 /* NSAttributedString+TextStyle.swift */; };
		6EF2BF4E2C62460000029A40 /* UIView+Constraints.swift in Sources */ = {isa = PBXBuildFile; fileRef = 6EF2BF4D2C62460000029A40 /* UIView+Constraints.swift */; };
		6EF2BF512C62480500029A40 /* CustomGradientView.swift in Sources */ = {isa = PBXBuildFile; fileRef = 6EF2BF502C62480500029A40 /* CustomGradientView.swift */; };
		6EF2BF532C624ECD00029A40 /* DeviceWorkTimeline.swift in Sources */ = {isa = PBXBuildFile; fileRef = 6EF2BF522C624ECC00029A40 /* DeviceWorkTimeline.swift */; };
		6EF2BF552C6257B800029A40 /* UICollectionView+Dequeueing.swift in Sources */ = {isa = PBXBuildFile; fileRef = 6EF2BF542C6257B800029A40 /* UICollectionView+Dequeueing.swift */; };
		6EF2BF572C6258A100029A40 /* Reusable.swift in Sources */ = {isa = PBXBuildFile; fileRef = 6EF2BF562C6258A000029A40 /* Reusable.swift */; };
		6EF2BF5E2C62595000029A40 /* CellConfigurable.swift in Sources */ = {isa = PBXBuildFile; fileRef = 6EF2BF5A2C62595000029A40 /* CellConfigurable.swift */; };
		6EF2BF5F2C62595000029A40 /* CollectionCellConfigurator.swift in Sources */ = {isa = PBXBuildFile; fileRef = 6EF2BF5B2C62595000029A40 /* CollectionCellConfigurator.swift */; };
		6EF2BF622C625A8000029A40 /* UIStackView+ArrangedSubviews.swift in Sources */ = {isa = PBXBuildFile; fileRef = 6EF2BF612C625A8000029A40 /* UIStackView+ArrangedSubviews.swift */; };
		6EF2BF712C6264FF00029A40 /* DGCharts.framework in Frameworks */ = {isa = PBXBuildFile; fileRef = 6EF2BF6B2C62649100029A40 /* DGCharts.framework */; };
		6EF2BF722C6264FF00029A40 /* DGCharts.framework in Embed Frameworks */ = {isa = PBXBuildFile; fileRef = 6EF2BF6B2C62649100029A40 /* DGCharts.framework */; settings = {ATTRIBUTES = (CodeSignOnCopy, RemoveHeadersOnCopy, ); }; };
		6EF2BF792C62BD7200029A40 /* Builder.swift in Sources */ = {isa = PBXBuildFile; fileRef = 6EF2BF742C62BD7200029A40 /* Builder.swift */; };
		6EF2BF7A2C62BD7200029A40 /* Interactor.swift in Sources */ = {isa = PBXBuildFile; fileRef = 6EF2BF752C62BD7200029A40 /* Interactor.swift */; };
		6EF2BF7B2C62BD7200029A40 /* Router.swift in Sources */ = {isa = PBXBuildFile; fileRef = 6EF2BF762C62BD7200029A40 /* Router.swift */; };
		6EF2BF7C2C62BD7200029A40 /* ViewableRouter.swift in Sources */ = {isa = PBXBuildFile; fileRef = 6EF2BF772C62BD7200029A40 /* ViewableRouter.swift */; };
		6EF2BF812C62C16900029A40 /* ApplicationLifecycleHandler.swift in Sources */ = {isa = PBXBuildFile; fileRef = 6EF2BF802C62C16900029A40 /* ApplicationLifecycleHandler.swift */; };
		6EF2BF842C62C4C700029A40 /* ContainerViewController.swift in Sources */ = {isa = PBXBuildFile; fileRef = 6EF2BF832C62C4C700029A40 /* ContainerViewController.swift */; };
		6EF2BF862C62C64200029A40 /* RootBuilder.swift in Sources */ = {isa = PBXBuildFile; fileRef = 6EF2BF852C62C64200029A40 /* RootBuilder.swift */; };
		6EF2BF882C62C65900029A40 /* RootInteractor.swift in Sources */ = {isa = PBXBuildFile; fileRef = 6EF2BF872C62C65900029A40 /* RootInteractor.swift */; };
		6EF2BF8A2C62C66800029A40 /* RootRouter.swift in Sources */ = {isa = PBXBuildFile; fileRef = 6EF2BF892C62C66700029A40 /* RootRouter.swift */; };
		6EF2BF8D2C62CB9500029A40 /* BaseCollectionDataManager.swift in Sources */ = {isa = PBXBuildFile; fileRef = 6EF2BF8B2C62CB9500029A40 /* BaseCollectionDataManager.swift */; };
		6EF2BF8F2C62CBCB00029A40 /* DeviceUsageTimelineDataManager.swift in Sources */ = {isa = PBXBuildFile; fileRef = 6EF2BF8E2C62CBCB00029A40 /* DeviceUsageTimelineDataManager.swift */; };
		6EF2BF912C62CBFE00029A40 /* DeviceWorkTimelineBuilder.swift in Sources */ = {isa = PBXBuildFile; fileRef = 6EF2BF902C62CBFE00029A40 /* DeviceWorkTimelineBuilder.swift */; };
		6EF2BF932C62CD0500029A40 /* DeviceWorkTimelineInteractor.swift in Sources */ = {isa = PBXBuildFile; fileRef = 6EF2BF922C62CD0500029A40 /* DeviceWorkTimelineInteractor.swift */; };
		6EF2BF952C62CEA200029A40 /* DeviceWorkTimelinePresenter.swift in Sources */ = {isa = PBXBuildFile; fileRef = 6EF2BF942C62CEA200029A40 /* DeviceWorkTimelinePresenter.swift */; };
		6EF2BF972C62CEBC00029A40 /* DeviceWorkTimelineRouter.swift in Sources */ = {isa = PBXBuildFile; fileRef = 6EF2BF962C62CEBC00029A40 /* DeviceWorkTimelineRouter.swift */; };
		6EF2BF992C62D26400029A40 /* DeviceUsageControlSettings.swift in Sources */ = {isa = PBXBuildFile; fileRef = 6EF2BF982C62D26400029A40 /* DeviceUsageControlSettings.swift */; };
		6EF2BF9C2C62D35C00029A40 /* DeviceUsageTimelineData.swift in Sources */ = {isa = PBXBuildFile; fileRef = 6EF2BF9B2C62D35C00029A40 /* DeviceUsageTimelineData.swift */; };
		6EF2BFB22C637AA300029A40 /* DashboardBuilder.swift in Sources */ = {isa = PBXBuildFile; fileRef = 6EF2BFAC2C637AA300029A40 /* DashboardBuilder.swift */; };
		6EF2BFB32C637AA300029A40 /* DashboardInteractor.swift in Sources */ = {isa = PBXBuildFile; fileRef = 6EF2BFAD2C637AA300029A40 /* DashboardInteractor.swift */; };
		6EF2BFB42C637AA300029A40 /* DashboardPresenter.swift in Sources */ = {isa = PBXBuildFile; fileRef = 6EF2BFAE2C637AA300029A40 /* DashboardPresenter.swift */; };
		6EF2BFB52C637AA300029A40 /* DashboardRouter.swift in Sources */ = {isa = PBXBuildFile; fileRef = 6EF2BFAF2C637AA300029A40 /* DashboardRouter.swift */; };
		6EF2BFB62C637AA300029A40 /* DashboardView.swift in Sources */ = {isa = PBXBuildFile; fileRef = 6EF2BFB02C637AA300029A40 /* DashboardView.swift */; };
		6EF2BFBA2C6380AC00029A40 /* DeviceControlSettingsProvider.swift in Sources */ = {isa = PBXBuildFile; fileRef = 6EF2BFB92C6380AC00029A40 /* DeviceControlSettingsProvider.swift */; };
		6EF2BFBC2C63810100029A40 /* Observable.swift in Sources */ = {isa = PBXBuildFile; fileRef = 6EF2BFBB2C63810100029A40 /* Observable.swift */; };
		6EF2BFBE2C6383B800029A40 /* DeviceUsageReportsManager.swift in Sources */ = {isa = PBXBuildFile; fileRef = 6EF2BFBD2C6383B800029A40 /* DeviceUsageReportsManager.swift */; };
		6EF2BFC12C6384B500029A40 /* LicenseStatus.swift in Sources */ = {isa = PBXBuildFile; fileRef = 6EF2BFC02C6384B500029A40 /* LicenseStatus.swift */; };
		6EF2BFC32C6384E500029A40 /* LicenseStatusProvider.swift in Sources */ = {isa = PBXBuildFile; fileRef = 6EF2BFC22C6384E500029A40 /* LicenseStatusProvider.swift */; };
		6EF2BFC72C638E2600029A40 /* RootServicesContainer.swift in Sources */ = {isa = PBXBuildFile; fileRef = 6EF2BFC62C638E2600029A40 /* RootServicesContainer.swift */; };
		6EF2BFC92C638E3500029A40 /* RootServicesProvider.swift in Sources */ = {isa = PBXBuildFile; fileRef = 6EF2BFC82C638E3500029A40 /* RootServicesProvider.swift */; };
		6EF2BFCB2C63951F00029A40 /* Foundation+Locking.swift in Sources */ = {isa = PBXBuildFile; fileRef = 6EF2BFCA2C63951F00029A40 /* Foundation+Locking.swift */; };
		6EF2BFCD2C63954900029A40 /* Locking.swift in Sources */ = {isa = PBXBuildFile; fileRef = 6EF2BFCC2C63954900029A40 /* Locking.swift */; };
		6EF2BFCF2C63B1A900029A40 /* UITraitEnvironment+Extension.swift in Sources */ = {isa = PBXBuildFile; fileRef = 6EF2BFCE2C63B1A900029A40 /* UITraitEnvironment+Extension.swift */; };
/* End PBXBuildFile section */

/* Begin PBXContainerItemProxy section */
		6EF2BF6A2C62649100029A40 /* PBXContainerItemProxy */ = {
			isa = PBXContainerItemProxy;
			containerPortal = 6EF2BF652C62649100029A40 /* Charts.xcodeproj */;
			proxyType = 2;
			remoteGlobalIDString = 65AD9E95D9ED4DC0BD73A743;
			remoteInfo = DGCharts;
		};
		6EF2BF6C2C62649100029A40 /* PBXContainerItemProxy */ = {
			isa = PBXContainerItemProxy;
			containerPortal = 6EF2BF652C62649100029A40 /* Charts.xcodeproj */;
			proxyType = 2;
			remoteGlobalIDString = 1CBBC58C6CE1EBEE9852CE41;
			remoteInfo = DGChartsTests;
		};
		6EF2BF6F2C6264C900029A40 /* PBXContainerItemProxy */ = {
			isa = PBXContainerItemProxy;
			containerPortal = 6EF2BF652C62649100029A40 /* Charts.xcodeproj */;
			proxyType = 1;
			remoteGlobalIDString = A58A4ED274A941CA248EA921;
			remoteInfo = DGCharts;
		};
/* End PBXContainerItemProxy section */

/* Begin PBXCopyFilesBuildPhase section */
		6EF2BF732C6264FF00029A40 /* Embed Frameworks */ = {
			isa = PBXCopyFilesBuildPhase;
			buildActionMask = 2147483647;
			dstPath = "";
			dstSubfolderSpec = 10;
			files = (
				6EF2BF722C6264FF00029A40 /* DGCharts.framework in Embed Frameworks */,
			);
			name = "Embed Frameworks";
			runOnlyForDeploymentPostprocessing = 0;
		};
/* End PBXCopyFilesBuildPhase section */

/* Begin PBXFileReference section */
		6EF2BE8F2C62161200029A40 /* VSDeviceTimeline.app */ = {isa = PBXFileReference; explicitFileType = wrapper.application; includeInIndex = 0; path = VSDeviceTimeline.app; sourceTree = BUILT_PRODUCTS_DIR; };
		6EF2BE922C62161200029A40 /* AppDelegate.swift */ = {isa = PBXFileReference; lastKnownFileType = sourcecode.swift; path = AppDelegate.swift; sourceTree = "<group>"; };
		6EF2BE942C62161200029A40 /* SceneDelegate.swift */ = {isa = PBXFileReference; lastKnownFileType = sourcecode.swift; path = SceneDelegate.swift; sourceTree = "<group>"; };
		6EF2BE9B2C62161500029A40 /* Assets.xcassets */ = {isa = PBXFileReference; lastKnownFileType = folder.assetcatalog; path = Assets.xcassets; sourceTree = "<group>"; };
		6EF2BE9E2C62161500029A40 /* Base */ = {isa = PBXFileReference; lastKnownFileType = file.storyboard; name = Base; path = Base.lproj/LaunchScreen.storyboard; sourceTree = "<group>"; };
		6EF2BEA02C62161500029A40 /* Info.plist */ = {isa = PBXFileReference; lastKnownFileType = text.plist.xml; path = Info.plist; sourceTree = "<group>"; };
		6EF2BF1D2C62347F00029A40 /* DeviceWorkTimelineView.swift */ = {isa = PBXFileReference; fileEncoding = 4; lastKnownFileType = sourcecode.swift; path = DeviceWorkTimelineView.swift; sourceTree = "<group>"; };
		6EF2BF1E2C62347F00029A40 /* TimelinePositionProvider.swift */ = {isa = PBXFileReference; fileEncoding = 4; lastKnownFileType = sourcecode.swift; path = TimelinePositionProvider.swift; sourceTree = "<group>"; };
		6EF2BF202C62347F00029A40 /* TimelineChartDataEntry.swift */ = {isa = PBXFileReference; fileEncoding = 4; lastKnownFileType = sourcecode.swift; path = TimelineChartDataEntry.swift; sourceTree = "<group>"; };
		6EF2BF212C62347F00029A40 /* TimelineInterval.swift */ = {isa = PBXFileReference; fileEncoding = 4; lastKnownFileType = sourcecode.swift; path = TimelineInterval.swift; sourceTree = "<group>"; };
		6EF2BF232C62347F00029A40 /* TimelineChartMode.swift */ = {isa = PBXFileReference; fileEncoding = 4; lastKnownFileType = sourcecode.swift; path = TimelineChartMode.swift; sourceTree = "<group>"; };
		6EF2BF242C62347F00029A40 /* TimelineChartRenderer.swift */ = {isa = PBXFileReference; fileEncoding = 4; lastKnownFileType = sourcecode.swift; path = TimelineChartRenderer.swift; sourceTree = "<group>"; };
		6EF2BF252C62347F00029A40 /* TimelineChartView.swift */ = {isa = PBXFileReference; fileEncoding = 4; lastKnownFileType = sourcecode.swift; path = TimelineChartView.swift; sourceTree = "<group>"; };
		6EF2BF262C62347F00029A40 /* TimelineChartXAxisRenderer.swift */ = {isa = PBXFileReference; fileEncoding = 4; lastKnownFileType = sourcecode.swift; path = TimelineChartXAxisRenderer.swift; sourceTree = "<group>"; };
		6EF2BF272C62347F00029A40 /* TimelineMinuteValueFormatter.swift */ = {isa = PBXFileReference; fileEncoding = 4; lastKnownFileType = sourcecode.swift; path = TimelineMinuteValueFormatter.swift; sourceTree = "<group>"; };
		6EF2BF292C62347F00029A40 /* LegendCell.swift */ = {isa = PBXFileReference; fileEncoding = 4; lastKnownFileType = sourcecode.swift; path = LegendCell.swift; sourceTree = "<group>"; };
		6EF2BF2B2C62347F00029A40 /* LegendsCollectionView.swift */ = {isa = PBXFileReference; fileEncoding = 4; lastKnownFileType = sourcecode.swift; path = LegendsCollectionView.swift; sourceTree = "<group>"; };
		6EF2BF2C2C62347F00029A40 /* LegendsFlowLayout.swift */ = {isa = PBXFileReference; fileEncoding = 4; lastKnownFileType = sourcecode.swift; path = LegendsFlowLayout.swift; sourceTree = "<group>"; };
		6EF2BF2E2C62347F00029A40 /* LegendItem.swift */ = {isa = PBXFileReference; fileEncoding = 4; lastKnownFileType = sourcecode.swift; path = LegendItem.swift; sourceTree = "<group>"; };
		6EF2BF2F2C62347F00029A40 /* LegendsView.swift */ = {isa = PBXFileReference; fileEncoding = 4; lastKnownFileType = sourcecode.swift; path = LegendsView.swift; sourceTree = "<group>"; };
		6EF2BF402C6238A000029A40 /* UIColor+Extension.swift */ = {isa = PBXFileReference; lastKnownFileType = sourcecode.swift; path = "UIColor+Extension.swift"; sourceTree = "<group>"; };
		6EF2BF422C62390E00029A40 /* UIColor+HexCode.swift */ = {isa = PBXFileReference; lastKnownFileType = sourcecode.swift; path = "UIColor+HexCode.swift"; sourceTree = "<group>"; };
		6EF2BF442C623C2700029A40 /* GradientColors.swift */ = {isa = PBXFileReference; lastKnownFileType = sourcecode.swift; path = GradientColors.swift; sourceTree = "<group>"; };
		6EF2BF472C62413D00029A40 /* UIView+Helpers.swift */ = {isa = PBXFileReference; lastKnownFileType = sourcecode.swift; path = "UIView+Helpers.swift"; sourceTree = "<group>"; };
		6EF2BF492C62421500029A40 /* CAGradientLayer+Extension.swift */ = {isa = PBXFileReference; lastKnownFileType = sourcecode.swift; path = "CAGradientLayer+Extension.swift"; sourceTree = "<group>"; };
		6EF2BF4B2C62443900029A40 /* NSAttributedString+TextStyle.swift */ = {isa = PBXFileReference; lastKnownFileType = sourcecode.swift; path = "NSAttributedString+TextStyle.swift"; sourceTree = "<group>"; };
		6EF2BF4D2C62460000029A40 /* UIView+Constraints.swift */ = {isa = PBXFileReference; lastKnownFileType = sourcecode.swift; path = "UIView+Constraints.swift"; sourceTree = "<group>"; };
		6EF2BF502C62480500029A40 /* CustomGradientView.swift */ = {isa = PBXFileReference; lastKnownFileType = sourcecode.swift; path = CustomGradientView.swift; sourceTree = "<group>"; };
		6EF2BF522C624ECC00029A40 /* DeviceWorkTimeline.swift */ = {isa = PBXFileReference; fileEncoding = 4; lastKnownFileType = sourcecode.swift; path = DeviceWorkTimeline.swift; sourceTree = "<group>"; };
		6EF2BF542C6257B800029A40 /* UICollectionView+Dequeueing.swift */ = {isa = PBXFileReference; lastKnownFileType = sourcecode.swift; path = "UICollectionView+Dequeueing.swift"; sourceTree = "<group>"; };
		6EF2BF562C6258A000029A40 /* Reusable.swift */ = {isa = PBXFileReference; lastKnownFileType = sourcecode.swift; path = Reusable.swift; sourceTree = "<group>"; };
		6EF2BF5A2C62595000029A40 /* CellConfigurable.swift */ = {isa = PBXFileReference; fileEncoding = 4; lastKnownFileType = sourcecode.swift; path = CellConfigurable.swift; sourceTree = "<group>"; };
		6EF2BF5B2C62595000029A40 /* CollectionCellConfigurator.swift */ = {isa = PBXFileReference; fileEncoding = 4; lastKnownFileType = sourcecode.swift; path = CollectionCellConfigurator.swift; sourceTree = "<group>"; };
		6EF2BF612C625A8000029A40 /* UIStackView+ArrangedSubviews.swift */ = {isa = PBXFileReference; lastKnownFileType = sourcecode.swift; path = "UIStackView+ArrangedSubviews.swift"; sourceTree = "<group>"; };
		6EF2BF652C62649100029A40 /* Charts.xcodeproj */ = {isa = PBXFileReference; lastKnownFileType = "wrapper.pb-project"; name = Charts.xcodeproj; path = Charts/Charts.xcodeproj; sourceTree = "<group>"; };
		6EF2BF742C62BD7200029A40 /* Builder.swift */ = {isa = PBXFileReference; fileEncoding = 4; lastKnownFileType = sourcecode.swift; path = Builder.swift; sourceTree = "<group>"; };
		6EF2BF752C62BD7200029A40 /* Interactor.swift */ = {isa = PBXFileReference; fileEncoding = 4; lastKnownFileType = sourcecode.swift; path = Interactor.swift; sourceTree = "<group>"; };
		6EF2BF762C62BD7200029A40 /* Router.swift */ = {isa = PBXFileReference; fileEncoding = 4; lastKnownFileType = sourcecode.swift; path = Router.swift; sourceTree = "<group>"; };
		6EF2BF772C62BD7200029A40 /* ViewableRouter.swift */ = {isa = PBXFileReference; fileEncoding = 4; lastKnownFileType = sourcecode.swift; path = ViewableRouter.swift; sourceTree = "<group>"; };
		6EF2BF802C62C16900029A40 /* ApplicationLifecycleHandler.swift */ = {isa = PBXFileReference; lastKnownFileType = sourcecode.swift; path = ApplicationLifecycleHandler.swift; sourceTree = "<group>"; };
		6EF2BF832C62C4C700029A40 /* ContainerViewController.swift */ = {isa = PBXFileReference; lastKnownFileType = sourcecode.swift; path = ContainerViewController.swift; sourceTree = "<group>"; };
		6EF2BF852C62C64200029A40 /* RootBuilder.swift */ = {isa = PBXFileReference; lastKnownFileType = sourcecode.swift; path = RootBuilder.swift; sourceTree = "<group>"; };
		6EF2BF872C62C65900029A40 /* RootInteractor.swift */ = {isa = PBXFileReference; lastKnownFileType = sourcecode.swift; path = RootInteractor.swift; sourceTree = "<group>"; };
		6EF2BF892C62C66700029A40 /* RootRouter.swift */ = {isa = PBXFileReference; lastKnownFileType = sourcecode.swift; path = RootRouter.swift; sourceTree = "<group>"; };
		6EF2BF8B2C62CB9500029A40 /* BaseCollectionDataManager.swift */ = {isa = PBXFileReference; fileEncoding = 4; lastKnownFileType = sourcecode.swift; path = BaseCollectionDataManager.swift; sourceTree = "<group>"; };
		6EF2BF8E2C62CBCB00029A40 /* DeviceUsageTimelineDataManager.swift */ = {isa = PBXFileReference; lastKnownFileType = sourcecode.swift; path = DeviceUsageTimelineDataManager.swift; sourceTree = "<group>"; };
		6EF2BF902C62CBFE00029A40 /* DeviceWorkTimelineBuilder.swift */ = {isa = PBXFileReference; lastKnownFileType = sourcecode.swift; path = DeviceWorkTimelineBuilder.swift; sourceTree = "<group>"; };
		6EF2BF922C62CD0500029A40 /* DeviceWorkTimelineInteractor.swift */ = {isa = PBXFileReference; lastKnownFileType = sourcecode.swift; path = DeviceWorkTimelineInteractor.swift; sourceTree = "<group>"; };
		6EF2BF942C62CEA200029A40 /* DeviceWorkTimelinePresenter.swift */ = {isa = PBXFileReference; lastKnownFileType = sourcecode.swift; path = DeviceWorkTimelinePresenter.swift; sourceTree = "<group>"; };
		6EF2BF962C62CEBC00029A40 /* DeviceWorkTimelineRouter.swift */ = {isa = PBXFileReference; lastKnownFileType = sourcecode.swift; path = DeviceWorkTimelineRouter.swift; sourceTree = "<group>"; };
		6EF2BF982C62D26400029A40 /* DeviceUsageControlSettings.swift */ = {isa = PBXFileReference; lastKnownFileType = sourcecode.swift; path = DeviceUsageControlSettings.swift; sourceTree = "<group>"; };
		6EF2BF9B2C62D35C00029A40 /* DeviceUsageTimelineData.swift */ = {isa = PBXFileReference; lastKnownFileType = sourcecode.swift; path = DeviceUsageTimelineData.swift; sourceTree = "<group>"; };
		6EF2BFAC2C637AA300029A40 /* DashboardBuilder.swift */ = {isa = PBXFileReference; fileEncoding = 4; lastKnownFileType = sourcecode.swift; path = DashboardBuilder.swift; sourceTree = "<group>"; };
		6EF2BFAD2C637AA300029A40 /* DashboardInteractor.swift */ = {isa = PBXFileReference; fileEncoding = 4; lastKnownFileType = sourcecode.swift; path = DashboardInteractor.swift; sourceTree = "<group>"; };
		6EF2BFAE2C637AA300029A40 /* DashboardPresenter.swift */ = {isa = PBXFileReference; fileEncoding = 4; lastKnownFileType = sourcecode.swift; path = DashboardPresenter.swift; sourceTree = "<group>"; };
		6EF2BFAF2C637AA300029A40 /* DashboardRouter.swift */ = {isa = PBXFileReference; fileEncoding = 4; lastKnownFileType = sourcecode.swift; path = DashboardRouter.swift; sourceTree = "<group>"; };
		6EF2BFB02C637AA300029A40 /* DashboardView.swift */ = {isa = PBXFileReference; fileEncoding = 4; lastKnownFileType = sourcecode.swift; path = DashboardView.swift; sourceTree = "<group>"; };
		6EF2BFB92C6380AC00029A40 /* DeviceControlSettingsProvider.swift */ = {isa = PBXFileReference; lastKnownFileType = sourcecode.swift; path = DeviceControlSettingsProvider.swift; sourceTree = "<group>"; };
		6EF2BFBB2C63810100029A40 /* Observable.swift */ = {isa = PBXFileReference; lastKnownFileType = sourcecode.swift; path = Observable.swift; sourceTree = "<group>"; };
		6EF2BFBD2C6383B800029A40 /* DeviceUsageReportsManager.swift */ = {isa = PBXFileReference; lastKnownFileType = sourcecode.swift; path = DeviceUsageReportsManager.swift; sourceTree = "<group>"; };
		6EF2BFC02C6384B500029A40 /* LicenseStatus.swift */ = {isa = PBXFileReference; lastKnownFileType = sourcecode.swift; path = LicenseStatus.swift; sourceTree = "<group>"; };
		6EF2BFC22C6384E500029A40 /* LicenseStatusProvider.swift */ = {isa = PBXFileReference; lastKnownFileType = sourcecode.swift; path = LicenseStatusProvider.swift; sourceTree = "<group>"; };
		6EF2BFC62C638E2600029A40 /* RootServicesContainer.swift */ = {isa = PBXFileReference; lastKnownFileType = sourcecode.swift; path = RootServicesContainer.swift; sourceTree = "<group>"; };
		6EF2BFC82C638E3500029A40 /* RootServicesProvider.swift */ = {isa = PBXFileReference; lastKnownFileType = sourcecode.swift; path = RootServicesProvider.swift; sourceTree = "<group>"; };
		6EF2BFCA2C63951F00029A40 /* Foundation+Locking.swift */ = {isa = PBXFileReference; lastKnownFileType = sourcecode.swift; path = "Foundation+Locking.swift"; sourceTree = "<group>"; };
		6EF2BFCC2C63954900029A40 /* Locking.swift */ = {isa = PBXFileReference; lastKnownFileType = sourcecode.swift; path = Locking.swift; sourceTree = "<group>"; };
		6EF2BFCE2C63B1A900029A40 /* UITraitEnvironment+Extension.swift */ = {isa = PBXFileReference; lastKnownFileType = sourcecode.swift; path = "UITraitEnvironment+Extension.swift"; sourceTree = "<group>"; };
		D9A28B9A97CF36AE01829B3F /* Pods_VSDeviceTimeline.framework */ = {isa = PBXFileReference; explicitFileType = wrapper.framework; includeInIndex = 0; path = Pods_VSDeviceTimeline.framework; sourceTree = BUILT_PRODUCTS_DIR; };
/* End PBXFileReference section */

/* Begin PBXFrameworksBuildPhase section */
		6EF2BE8C2C62161200029A40 /* Frameworks */ = {
			isa = PBXFrameworksBuildPhase;
			buildActionMask = 2147483647;
			files = (
				6EF2BF712C6264FF00029A40 /* DGCharts.framework in Frameworks */,
			);
			runOnlyForDeploymentPostprocessing = 0;
		};
/* End PBXFrameworksBuildPhase section */

/* Begin PBXGroup section */
		6EF2BE862C62161200029A40 = {
			isa = PBXGroup;
			children = (
				6EF2BE912C62161200029A40 /* VSDeviceTimeline */,
				6EF2BE902C62161200029A40 /* Products */,
				6EF2BF6E2C6264A200029A40 /* ThirdParty */,
				8B0D75286C16B9234E1872AA /* Frameworks */,
			);
			sourceTree = "<group>";
		};
		6EF2BE902C62161200029A40 /* Products */ = {
			isa = PBXGroup;
			children = (
				6EF2BE8F2C62161200029A40 /* VSDeviceTimeline.app */,
			);
			name = Products;
			sourceTree = "<group>";
		};
		6EF2BE912C62161200029A40 /* VSDeviceTimeline */ = {
			isa = PBXGroup;
			children = (
				6EF2BF7F2C62BF6300029A40 /* AppDelegate */,
				6EF2BF9E2C63754700029A40 /* Common */,
				6EF2BF9F2C63757F00029A40 /* UI */,
				6EF2BF282C62347F00029A40 /* TimelineChartView */,
				6EF2BE9B2C62161500029A40 /* Assets.xcassets */,
				6EF2BE9D2C62161500029A40 /* LaunchScreen.storyboard */,
				6EF2BEA02C62161500029A40 /* Info.plist */,
			);
			path = VSDeviceTimeline;
			sourceTree = "<group>";
		};
		6EF2BF1F2C62347F00029A40 /* TimelinePositionProvider */ = {
			isa = PBXGroup;
			children = (
				6EF2BF1E2C62347F00029A40 /* TimelinePositionProvider.swift */,
			);
			path = TimelinePositionProvider;
			sourceTree = "<group>";
		};
		6EF2BF222C62347F00029A40 /* Data */ = {
			isa = PBXGroup;
			children = (
				6EF2BF202C62347F00029A40 /* TimelineChartDataEntry.swift */,
				6EF2BF212C62347F00029A40 /* TimelineInterval.swift */,
			);
			path = Data;
			sourceTree = "<group>";
		};
		6EF2BF282C62347F00029A40 /* TimelineChartView */ = {
			isa = PBXGroup;
			children = (
				6EF2BF222C62347F00029A40 /* Data */,
				6EF2BF232C62347F00029A40 /* TimelineChartMode.swift */,
				6EF2BF242C62347F00029A40 /* TimelineChartRenderer.swift */,
				6EF2BF252C62347F00029A40 /* TimelineChartView.swift */,
				6EF2BF262C62347F00029A40 /* TimelineChartXAxisRenderer.swift */,
				6EF2BF272C62347F00029A40 /* TimelineMinuteValueFormatter.swift */,
			);
			path = TimelineChartView;
			sourceTree = "<group>";
		};
		6EF2BF2A2C62347F00029A40 /* Cell */ = {
			isa = PBXGroup;
			children = (
				6EF2BF292C62347F00029A40 /* LegendCell.swift */,
			);
			path = Cell;
			sourceTree = "<group>";
		};
		6EF2BF2D2C62347F00029A40 /* CollectionView */ = {
			isa = PBXGroup;
			children = (
				6EF2BF2A2C62347F00029A40 /* Cell */,
				6EF2BF2B2C62347F00029A40 /* LegendsCollectionView.swift */,
				6EF2BF2C2C62347F00029A40 /* LegendsFlowLayout.swift */,
			);
			path = CollectionView;
			sourceTree = "<group>";
		};
		6EF2BF302C62347F00029A40 /* LegendsView */ = {
			isa = PBXGroup;
			children = (
				6EF2BF2D2C62347F00029A40 /* CollectionView */,
				6EF2BF2E2C62347F00029A40 /* LegendItem.swift */,
				6EF2BF2F2C62347F00029A40 /* LegendsView.swift */,
			);
			path = LegendsView;
			sourceTree = "<group>";
		};
		6EF2BF3F2C62385A00029A40 /* Extensions */ = {
			isa = PBXGroup;
			children = (
				6EF2BF422C62390E00029A40 /* UIColor+HexCode.swift */,
				6EF2BF4D2C62460000029A40 /* UIView+Constraints.swift */,
				6EF2BF472C62413D00029A40 /* UIView+Helpers.swift */,
				6EF2BF492C62421500029A40 /* CAGradientLayer+Extension.swift */,
				6EF2BF4B2C62443900029A40 /* NSAttributedString+TextStyle.swift */,
				6EF2BF542C6257B800029A40 /* UICollectionView+Dequeueing.swift */,
				6EF2BF612C625A8000029A40 /* UIStackView+ArrangedSubviews.swift */,
				6EF2BFCA2C63951F00029A40 /* Foundation+Locking.swift */,
				6EF2BFCE2C63B1A900029A40 /* UITraitEnvironment+Extension.swift */,
			);
			path = Extensions;
			sourceTree = "<group>";
		};
		6EF2BF462C623C3D00029A40 /* Custom Colors */ = {
			isa = PBXGroup;
			children = (
				6EF2BF442C623C2700029A40 /* GradientColors.swift */,
				6EF2BF402C6238A000029A40 /* UIColor+Extension.swift */,
			);
			path = "Custom Colors";
			sourceTree = "<group>";
		};
		6EF2BF4F2C6247DA00029A40 /* Custom Views */ = {
			isa = PBXGroup;
			children = (
				6EF2BF502C62480500029A40 /* CustomGradientView.swift */,
			);
			path = "Custom Views";
			sourceTree = "<group>";
		};
		6EF2BF5D2C62595000029A40 /* CellConfigurable */ = {
			isa = PBXGroup;
			children = (
				6EF2BF5A2C62595000029A40 /* CellConfigurable.swift */,
				6EF2BF5B2C62595000029A40 /* CollectionCellConfigurator.swift */,
			);
			path = CellConfigurable;
			sourceTree = "<group>";
		};
		6EF2BF662C62649100029A40 /* Products */ = {
			isa = PBXGroup;
			children = (
				6EF2BF6B2C62649100029A40 /* DGCharts.framework */,
				6EF2BF6D2C62649100029A40 /* DGChartsTests.xctest */,
			);
			name = Products;
			sourceTree = "<group>";
		};
		6EF2BF6E2C6264A200029A40 /* ThirdParty */ = {
			isa = PBXGroup;
			children = (
				6EF2BF652C62649100029A40 /* Charts.xcodeproj */,
			);
			name = ThirdParty;
			sourceTree = "<group>";
		};
		6EF2BF782C62BD7200029A40 /* Riblet */ = {
			isa = PBXGroup;
			children = (
				6EF2BF742C62BD7200029A40 /* Builder.swift */,
				6EF2BF752C62BD7200029A40 /* Interactor.swift */,
				6EF2BF762C62BD7200029A40 /* Router.swift */,
				6EF2BF772C62BD7200029A40 /* ViewableRouter.swift */,
			);
			path = Riblet;
			sourceTree = "<group>";
		};
		6EF2BF7D2C62BF0D00029A40 /* DeviceWorkTimelineRIB */ = {
			isa = PBXGroup;
			children = (
				6EF2BF902C62CBFE00029A40 /* DeviceWorkTimelineBuilder.swift */,
				6EF2BF922C62CD0500029A40 /* DeviceWorkTimelineInteractor.swift */,
				6EF2BF962C62CEBC00029A40 /* DeviceWorkTimelineRouter.swift */,
				6EF2BF942C62CEA200029A40 /* DeviceWorkTimelinePresenter.swift */,
				6EF2BF8E2C62CBCB00029A40 /* DeviceUsageTimelineDataManager.swift */,
				6EF2BF1F2C62347F00029A40 /* TimelinePositionProvider */,
				6EF2BFA12C63765500029A40 /* View */,
				6EF2BF9A2C62D27000029A40 /* ViewModel */,
			);
			path = DeviceWorkTimelineRIB;
			sourceTree = "<group>";
		};
		6EF2BF7E2C62BF4C00029A40 /* Protocols */ = {
			isa = PBXGroup;
			children = (
				6EF2BF562C6258A000029A40 /* Reusable.swift */,
				6EF2BFBB2C63810100029A40 /* Observable.swift */,
				6EF2BFCC2C63954900029A40 /* Locking.swift */,
			);
			path = Protocols;
			sourceTree = "<group>";
		};
		6EF2BF7F2C62BF6300029A40 /* AppDelegate */ = {
			isa = PBXGroup;
			children = (
				6EF2BE922C62161200029A40 /* AppDelegate.swift */,
				6EF2BE942C62161200029A40 /* SceneDelegate.swift */,
				6EF2BF802C62C16900029A40 /* ApplicationLifecycleHandler.swift */,
			);
			path = AppDelegate;
			sourceTree = "<group>";
		};
		6EF2BF822C62C29F00029A40 /* RootRIB */ = {
			isa = PBXGroup;
			children = (
				6EF2BF852C62C64200029A40 /* RootBuilder.swift */,
				6EF2BF872C62C65900029A40 /* RootInteractor.swift */,
				6EF2BF892C62C66700029A40 /* RootRouter.swift */,
			);
			path = RootRIB;
			sourceTree = "<group>";
		};
		6EF2BF8C2C62CB9500029A40 /* BaseDataManagers */ = {
			isa = PBXGroup;
			children = (
				6EF2BF8B2C62CB9500029A40 /* BaseCollectionDataManager.swift */,
			);
			path = BaseDataManagers;
			sourceTree = "<group>";
		};
		6EF2BF9A2C62D27000029A40 /* ViewModel */ = {
			isa = PBXGroup;
			children = (
				6EF2BF522C624ECC00029A40 /* DeviceWorkTimeline.swift */,
			);
			path = ViewModel;
			sourceTree = "<group>";
		};
		6EF2BF9E2C63754700029A40 /* Common */ = {
			isa = PBXGroup;
			children = (
				6EF2BF8C2C62CB9500029A40 /* BaseDataManagers */,
				6EF2BF5D2C62595000029A40 /* CellConfigurable */,
				6EF2BFA02C6375B500029A40 /* ContainerViewController */,
				6EF2BF462C623C3D00029A40 /* Custom Colors */,
				6EF2BF4F2C6247DA00029A40 /* Custom Views */,
				6EF2BF3F2C62385A00029A40 /* Extensions */,
				6EF2BF7E2C62BF4C00029A40 /* Protocols */,
				6EF2BF782C62BD7200029A40 /* Riblet */,
				6EF2BFC42C638DF900029A40 /* Services */,
			);
			path = Common;
			sourceTree = "<group>";
		};
		6EF2BF9F2C63757F00029A40 /* UI */ = {
			isa = PBXGroup;
			children = (
				6EF2BF822C62C29F00029A40 /* RootRIB */,
				6EF2BFB12C637AA300029A40 /* DashboardRIB */,
				6EF2BF7D2C62BF0D00029A40 /* DeviceWorkTimelineRIB */,
			);
			path = UI;
			sourceTree = "<group>";
		};
		6EF2BFA02C6375B500029A40 /* ContainerViewController */ = {
			isa = PBXGroup;
			children = (
				6EF2BF832C62C4C700029A40 /* ContainerViewController.swift */,
			);
			path = ContainerViewController;
			sourceTree = "<group>";
		};
		6EF2BFA12C63765500029A40 /* View */ = {
			isa = PBXGroup;
			children = (
				6EF2BF302C62347F00029A40 /* LegendsView */,
				6EF2BF1D2C62347F00029A40 /* DeviceWorkTimelineView.swift */,
			);
			path = View;
			sourceTree = "<group>";
		};
		6EF2BFB12C637AA300029A40 /* DashboardRIB */ = {
			isa = PBXGroup;
			children = (
				6EF2BFAC2C637AA300029A40 /* DashboardBuilder.swift */,
				6EF2BFAD2C637AA300029A40 /* DashboardInteractor.swift */,
				6EF2BFAE2C637AA300029A40 /* DashboardPresenter.swift */,
				6EF2BFAF2C637AA300029A40 /* DashboardRouter.swift */,
				6EF2BFB02C637AA300029A40 /* DashboardView.swift */,
			);
			path = DashboardRIB;
			sourceTree = "<group>";
		};
		6EF2BFB72C63807100029A40 /* DeviceUsageReportsManager */ = {
			isa = PBXGroup;
			children = (
				6EF2BF9B2C62D35C00029A40 /* DeviceUsageTimelineData.swift */,
				6EF2BFBD2C6383B800029A40 /* DeviceUsageReportsManager.swift */,
			);
			path = DeviceUsageReportsManager;
			sourceTree = "<group>";
		};
		6EF2BFB82C63808F00029A40 /* DeviceControlSettingsProvider */ = {
			isa = PBXGroup;
			children = (
				6EF2BF982C62D26400029A40 /* DeviceUsageControlSettings.swift */,
				6EF2BFB92C6380AC00029A40 /* DeviceControlSettingsProvider.swift */,
			);
			path = DeviceControlSettingsProvider;
			sourceTree = "<group>";
		};
		6EF2BFBF2C63849100029A40 /* LicenseStatusProvider */ = {
			isa = PBXGroup;
			children = (
				6EF2BFC02C6384B500029A40 /* LicenseStatus.swift */,
				6EF2BFC22C6384E500029A40 /* LicenseStatusProvider.swift */,
			);
			path = LicenseStatusProvider;
			sourceTree = "<group>";
		};
		6EF2BFC42C638DF900029A40 /* Services */ = {
			isa = PBXGroup;
			children = (
				6EF2BFB82C63808F00029A40 /* DeviceControlSettingsProvider */,
				6EF2BFB72C63807100029A40 /* DeviceUsageReportsManager */,
				6EF2BFBF2C63849100029A40 /* LicenseStatusProvider */,
				6EF2BFC52C638E0F00029A40 /* RootServices */,
			);
			path = Services;
			sourceTree = "<group>";
		};
		6EF2BFC52C638E0F00029A40 /* RootServices */ = {
			isa = PBXGroup;
			children = (
				6EF2BFC62C638E2600029A40 /* RootServicesContainer.swift */,
				6EF2BFC82C638E3500029A40 /* RootServicesProvider.swift */,
			);
			path = RootServices;
			sourceTree = "<group>";
		};
		8B0D75286C16B9234E1872AA /* Frameworks */ = {
			isa = PBXGroup;
			children = (
				D9A28B9A97CF36AE01829B3F /* Pods_VSDeviceTimeline.framework */,
			);
			name = Frameworks;
			sourceTree = "<group>";
		};
/* End PBXGroup section */

/* Begin PBXNativeTarget section */
		6EF2BE8E2C62161200029A40 /* VSDeviceTimeline */ = {
			isa = PBXNativeTarget;
			buildConfigurationList = 6EF2BEA32C62161500029A40 /* Build configuration list for PBXNativeTarget "VSDeviceTimeline" */;
			buildPhases = (
				6EF2BE8B2C62161200029A40 /* Sources */,
				6EF2BE8C2C62161200029A40 /* Frameworks */,
				6EF2BE8D2C62161200029A40 /* Resources */,
				6EF2BF732C6264FF00029A40 /* Embed Frameworks */,
			);
			buildRules = (
			);
			dependencies = (
				6EF2BF702C6264C900029A40 /* PBXTargetDependency */,
			);
			name = VSDeviceTimeline;
			productName = VSDeviceTimeline;
			productReference = 6EF2BE8F2C62161200029A40 /* VSDeviceTimeline.app */;
			productType = "com.apple.product-type.application";
		};
/* End PBXNativeTarget section */

/* Begin PBXProject section */
		6EF2BE872C62161200029A40 /* Project object */ = {
			isa = PBXProject;
			attributes = {
				BuildIndependentTargetsInParallel = 1;
				LastSwiftUpdateCheck = 1530;
				LastUpgradeCheck = 1530;
				TargetAttributes = {
					6EF2BE8E2C62161200029A40 = {
						CreatedOnToolsVersion = 15.3;
					};
				};
			};
			buildConfigurationList = 6EF2BE8A2C62161200029A40 /* Build configuration list for PBXProject "VSDeviceTimeline" */;
			compatibilityVersion = "Xcode 14.0";
			developmentRegion = en;
			hasScannedForEncodings = 0;
			knownRegions = (
				en,
				Base,
			);
			mainGroup = 6EF2BE862C62161200029A40;
			productRefGroup = 6EF2BE902C62161200029A40 /* Products */;
			projectDirPath = "";
			projectReferences = (
				{
					ProductGroup = 6EF2BF662C62649100029A40 /* Products */;
					ProjectRef = 6EF2BF652C62649100029A40 /* Charts.xcodeproj */;
				},
			);
			projectRoot = "";
			targets = (
				6EF2BE8E2C62161200029A40 /* VSDeviceTimeline */,
			);
		};
/* End PBXProject section */

/* Begin PBXReferenceProxy section */
		6EF2BF6B2C62649100029A40 /* DGCharts.framework */ = {
			isa = PBXReferenceProxy;
			fileType = wrapper.framework;
			path = DGCharts.framework;
			remoteRef = 6EF2BF6A2C62649100029A40 /* PBXContainerItemProxy */;
			sourceTree = BUILT_PRODUCTS_DIR;
		};
		6EF2BF6D2C62649100029A40 /* DGChartsTests.xctest */ = {
			isa = PBXReferenceProxy;
			fileType = wrapper.cfbundle;
			path = DGChartsTests.xctest;
			remoteRef = 6EF2BF6C2C62649100029A40 /* PBXContainerItemProxy */;
			sourceTree = BUILT_PRODUCTS_DIR;
		};
/* End PBXReferenceProxy section */

/* Begin PBXResourcesBuildPhase section */
		6EF2BE8D2C62161200029A40 /* Resources */ = {
			isa = PBXResourcesBuildPhase;
			buildActionMask = 2147483647;
			files = (
				6EF2BE9C2C62161500029A40 /* Assets.xcassets in Resources */,
			);
			runOnlyForDeploymentPostprocessing = 0;
		};
/* End PBXResourcesBuildPhase section */

/* Begin PBXSourcesBuildPhase section */
		6EF2BE8B2C62161200029A40 /* Sources */ = {
			isa = PBXSourcesBuildPhase;
			buildActionMask = 2147483647;
			files = (
				6EF2BF8F2C62CBCB00029A40 /* DeviceUsageTimelineDataManager.swift in Sources */,
				6EF2BF4C2C62443900029A40 /* NSAttributedString+TextStyle.swift in Sources */,
				6EF2BF352C62348000029A40 /* TimelineChartMode.swift in Sources */,
				6EF2BFB32C637AA300029A40 /* DashboardInteractor.swift in Sources */,
				6EF2BF382C62348000029A40 /* TimelineChartXAxisRenderer.swift in Sources */,
				6EF2BF312C62348000029A40 /* DeviceWorkTimelineView.swift in Sources */,
				6EF2BF552C6257B800029A40 /* UICollectionView+Dequeueing.swift in Sources */,
				6EF2BF452C623C2800029A40 /* GradientColors.swift in Sources */,
				6EF2BF412C6238A000029A40 /* UIColor+Extension.swift in Sources */,
				6EF2BFBE2C6383B800029A40 /* DeviceUsageReportsManager.swift in Sources */,
				6EF2BFCF2C63B1A900029A40 /* UITraitEnvironment+Extension.swift in Sources */,
				6EF2BF862C62C64200029A40 /* RootBuilder.swift in Sources */,
				6EF2BF842C62C4C700029A40 /* ContainerViewController.swift in Sources */,
				6EF2BFB42C637AA300029A40 /* DashboardPresenter.swift in Sources */,
				6EF2BF4A2C62421500029A40 /* CAGradientLayer+Extension.swift in Sources */,
				6EF2BF3B2C62348000029A40 /* LegendsCollectionView.swift in Sources */,
				6EF2BF812C62C16900029A40 /* ApplicationLifecycleHandler.swift in Sources */,
				6EF2BFBA2C6380AC00029A40 /* DeviceControlSettingsProvider.swift in Sources */,
				6EF2BFC92C638E3500029A40 /* RootServicesProvider.swift in Sources */,
				6EF2BF7B2C62BD7200029A40 /* Router.swift in Sources */,
				6EF2BF362C62348000029A40 /* TimelineChartRenderer.swift in Sources */,
				6EF2BF3E2C62348000029A40 /* LegendsView.swift in Sources */,
				6EF2BFB22C637AA300029A40 /* DashboardBuilder.swift in Sources */,
				6EF2BF8A2C62C66800029A40 /* RootRouter.swift in Sources */,
				6EF2BF5F2C62595000029A40 /* CollectionCellConfigurator.swift in Sources */,
				6EF2BFC72C638E2600029A40 /* RootServicesContainer.swift in Sources */,
				6EF2BF622C625A8000029A40 /* UIStackView+ArrangedSubviews.swift in Sources */,
				6EF2BF882C62C65900029A40 /* RootInteractor.swift in Sources */,
				6EF2BF372C62348000029A40 /* TimelineChartView.swift in Sources */,
				6EF2BF972C62CEBC00029A40 /* DeviceWorkTimelineRouter.swift in Sources */,
				6EF2BF792C62BD7200029A40 /* Builder.swift in Sources */,
				6EF2BF912C62CBFE00029A40 /* DeviceWorkTimelineBuilder.swift in Sources */,
				6EF2BF482C62413D00029A40 /* UIView+Helpers.swift in Sources */,
				6EF2BFCD2C63954900029A40 /* Locking.swift in Sources */,
				6EF2BFB52C637AA300029A40 /* DashboardRouter.swift in Sources */,
				6EF2BF5E2C62595000029A40 /* CellConfigurable.swift in Sources */,
				6EF2BF932C62CD0500029A40 /* DeviceWorkTimelineInteractor.swift in Sources */,
				6EF2BF3C2C62348000029A40 /* LegendsFlowLayout.swift in Sources */,
				6EF2BF512C62480500029A40 /* CustomGradientView.swift in Sources */,
				6EF2BF992C62D26400029A40 /* DeviceUsageControlSettings.swift in Sources */,
				6EF2BF532C624ECD00029A40 /* DeviceWorkTimeline.swift in Sources */,
				6EF2BF322C62348000029A40 /* TimelinePositionProvider.swift in Sources */,
				6EF2BF4E2C62460000029A40 /* UIView+Constraints.swift in Sources */,
				6EF2BFB62C637AA300029A40 /* DashboardView.swift in Sources */,
				6EF2BF3D2C62348000029A40 /* LegendItem.swift in Sources */,
				6EF2BFBC2C63810100029A40 /* Observable.swift in Sources */,
				6EF2BF7A2C62BD7200029A40 /* Interactor.swift in Sources */,
				6EF2BF572C6258A100029A40 /* Reusable.swift in Sources */,
				6EF2BF392C62348000029A40 /* TimelineMinuteValueFormatter.swift in Sources */,
				6EF2BFC12C6384B500029A40 /* LicenseStatus.swift in Sources */,
				6EF2BE932C62161200029A40 /* AppDelegate.swift in Sources */,
				6EF2BF332C62348000029A40 /* TimelineChartDataEntry.swift in Sources */,
				6EF2BF7C2C62BD7200029A40 /* ViewableRouter.swift in Sources */,
				6EF2BE952C62161200029A40 /* SceneDelegate.swift in Sources */,
				6EF2BF3A2C62348000029A40 /* LegendCell.swift in Sources */,
				6EF2BF342C62348000029A40 /* TimelineInterval.swift in Sources */,
				6EF2BF432C62390E00029A40 /* UIColor+HexCode.swift in Sources */,
				6EF2BF8D2C62CB9500029A40 /* BaseCollectionDataManager.swift in Sources */,
				6EF2BFCB2C63951F00029A40 /* Foundation+Locking.swift in Sources */,
				6EF2BFC32C6384E500029A40 /* LicenseStatusProvider.swift in Sources */,
				6EF2BF9C2C62D35C00029A40 /* DeviceUsageTimelineData.swift in Sources */,
				6EF2BF952C62CEA200029A40 /* DeviceWorkTimelinePresenter.swift in Sources */,
			);
			runOnlyForDeploymentPostprocessing = 0;
		};
/* End PBXSourcesBuildPhase section */

/* Begin PBXTargetDependency section */
		6EF2BF702C6264C900029A40 /* PBXTargetDependency */ = {
			isa = PBXTargetDependency;
			name = DGCharts;
			targetProxy = 6EF2BF6F2C6264C900029A40 /* PBXContainerItemProxy */;
		};
/* End PBXTargetDependency section */

/* Begin PBXVariantGroup section */
		6EF2BE9D2C62161500029A40 /* LaunchScreen.storyboard */ = {
			isa = PBXVariantGroup;
			children = (
				6EF2BE9E2C62161500029A40 /* Base */,
			);
			name = LaunchScreen.storyboard;
			sourceTree = "<group>";
		};
/* End PBXVariantGroup section */

/* Begin XCBuildConfiguration section */
		6EF2BEA12C62161500029A40 /* Debug */ = {
			isa = XCBuildConfiguration;
			buildSettings = {
				ALWAYS_SEARCH_USER_PATHS = NO;
				ASSETCATALOG_COMPILER_GENERATE_SWIFT_ASSET_SYMBOL_EXTENSIONS = YES;
				CLANG_ANALYZER_NONNULL = YES;
				CLANG_ANALYZER_NUMBER_OBJECT_CONVERSION = YES_AGGRESSIVE;
				CLANG_CXX_LANGUAGE_STANDARD = "gnu++20";
				CLANG_ENABLE_MODULES = YES;
				CLANG_ENABLE_OBJC_ARC = YES;
				CLANG_ENABLE_OBJC_WEAK = YES;
				CLANG_WARN_BLOCK_CAPTURE_AUTORELEASING = YES;
				CLANG_WARN_BOOL_CONVERSION = YES;
				CLANG_WARN_COMMA = YES;
				CLANG_WARN_CONSTANT_CONVERSION = YES;
				CLANG_WARN_DEPRECATED_OBJC_IMPLEMENTATIONS = YES;
				CLANG_WARN_DIRECT_OBJC_ISA_USAGE = YES_ERROR;
				CLANG_WARN_DOCUMENTATION_COMMENTS = YES;
				CLANG_WARN_EMPTY_BODY = YES;
				CLANG_WARN_ENUM_CONVERSION = YES;
				CLANG_WARN_INFINITE_RECURSION = YES;
				CLANG_WARN_INT_CONVERSION = YES;
				CLANG_WARN_NON_LITERAL_NULL_CONVERSION = YES;
				CLANG_WARN_OBJC_IMPLICIT_RETAIN_SELF = YES;
				CLANG_WARN_OBJC_LITERAL_CONVERSION = YES;
				CLANG_WARN_OBJC_ROOT_CLASS = YES_ERROR;
				CLANG_WARN_QUOTED_INCLUDE_IN_FRAMEWORK_HEADER = YES;
				CLANG_WARN_RANGE_LOOP_ANALYSIS = YES;
				CLANG_WARN_STRICT_PROTOTYPES = YES;
				CLANG_WARN_SUSPICIOUS_MOVE = YES;
				CLANG_WARN_UNGUARDED_AVAILABILITY = YES_AGGRESSIVE;
				CLANG_WARN_UNREACHABLE_CODE = YES;
				CLANG_WARN__DUPLICATE_METHOD_MATCH = YES;
				COPY_PHASE_STRIP = NO;
				DEBUG_INFORMATION_FORMAT = dwarf;
				ENABLE_STRICT_OBJC_MSGSEND = YES;
				ENABLE_TESTABILITY = YES;
				ENABLE_USER_SCRIPT_SANDBOXING = YES;
				GCC_C_LANGUAGE_STANDARD = gnu17;
				GCC_DYNAMIC_NO_PIC = NO;
				GCC_NO_COMMON_BLOCKS = YES;
				GCC_OPTIMIZATION_LEVEL = 0;
				GCC_PREPROCESSOR_DEFINITIONS = (
					"DEBUG=1",
					"$(inherited)",
				);
				GCC_WARN_64_TO_32_BIT_CONVERSION = YES;
				GCC_WARN_ABOUT_RETURN_TYPE = YES_ERROR;
				GCC_WARN_UNDECLARED_SELECTOR = YES;
				GCC_WARN_UNINITIALIZED_AUTOS = YES_AGGRESSIVE;
				GCC_WARN_UNUSED_FUNCTION = YES;
				GCC_WARN_UNUSED_VARIABLE = YES;
				IPHONEOS_DEPLOYMENT_TARGET = 17.4;
				LOCALIZATION_PREFERS_STRING_CATALOGS = YES;
				MTL_ENABLE_DEBUG_INFO = INCLUDE_SOURCE;
				MTL_FAST_MATH = YES;
				ONLY_ACTIVE_ARCH = YES;
				SDKROOT = iphoneos;
				SWIFT_ACTIVE_COMPILATION_CONDITIONS = "DEBUG $(inherited)";
				SWIFT_OPTIMIZATION_LEVEL = "-Onone";
			};
			name = Debug;
		};
		6EF2BEA22C62161500029A40 /* Release */ = {
			isa = XCBuildConfiguration;
			buildSettings = {
				ALWAYS_SEARCH_USER_PATHS = NO;
				ASSETCATALOG_COMPILER_GENERATE_SWIFT_ASSET_SYMBOL_EXTENSIONS = YES;
				CLANG_ANALYZER_NONNULL = YES;
				CLANG_ANALYZER_NUMBER_OBJECT_CONVERSION = YES_AGGRESSIVE;
				CLANG_CXX_LANGUAGE_STANDARD = "gnu++20";
				CLANG_ENABLE_MODULES = YES;
				CLANG_ENABLE_OBJC_ARC = YES;
				CLANG_ENABLE_OBJC_WEAK = YES;
				CLANG_WARN_BLOCK_CAPTURE_AUTORELEASING = YES;
				CLANG_WARN_BOOL_CONVERSION = YES;
				CLANG_WARN_COMMA = YES;
				CLANG_WARN_CONSTANT_CONVERSION = YES;
				CLANG_WARN_DEPRECATED_OBJC_IMPLEMENTATIONS = YES;
				CLANG_WARN_DIRECT_OBJC_ISA_USAGE = YES_ERROR;
				CLANG_WARN_DOCUMENTATION_COMMENTS = YES;
				CLANG_WARN_EMPTY_BODY = YES;
				CLANG_WARN_ENUM_CONVERSION = YES;
				CLANG_WARN_INFINITE_RECURSION = YES;
				CLANG_WARN_INT_CONVERSION = YES;
				CLANG_WARN_NON_LITERAL_NULL_CONVERSION = YES;
				CLANG_WARN_OBJC_IMPLICIT_RETAIN_SELF = YES;
				CLANG_WARN_OBJC_LITERAL_CONVERSION = YES;
				CLANG_WARN_OBJC_ROOT_CLASS = YES_ERROR;
				CLANG_WARN_QUOTED_INCLUDE_IN_FRAMEWORK_HEADER = YES;
				CLANG_WARN_RANGE_LOOP_ANALYSIS = YES;
				CLANG_WARN_STRICT_PROTOTYPES = YES;
				CLANG_WARN_SUSPICIOUS_MOVE = YES;
				CLANG_WARN_UNGUARDED_AVAILABILITY = YES_AGGRESSIVE;
				CLANG_WARN_UNREACHABLE_CODE = YES;
				CLANG_WARN__DUPLICATE_METHOD_MATCH = YES;
				COPY_PHASE_STRIP = NO;
				DEBUG_INFORMATION_FORMAT = "dwarf-with-dsym";
				ENABLE_NS_ASSERTIONS = NO;
				ENABLE_STRICT_OBJC_MSGSEND = YES;
				ENABLE_USER_SCRIPT_SANDBOXING = YES;
				GCC_C_LANGUAGE_STANDARD = gnu17;
				GCC_NO_COMMON_BLOCKS = YES;
				GCC_WARN_64_TO_32_BIT_CONVERSION = YES;
				GCC_WARN_ABOUT_RETURN_TYPE = YES_ERROR;
				GCC_WARN_UNDECLARED_SELECTOR = YES;
				GCC_WARN_UNINITIALIZED_AUTOS = YES_AGGRESSIVE;
				GCC_WARN_UNUSED_FUNCTION = YES;
				GCC_WARN_UNUSED_VARIABLE = YES;
				IPHONEOS_DEPLOYMENT_TARGET = 17.4;
				LOCALIZATION_PREFERS_STRING_CATALOGS = YES;
				MTL_ENABLE_DEBUG_INFO = NO;
				MTL_FAST_MATH = YES;
				SDKROOT = iphoneos;
				SWIFT_COMPILATION_MODE = wholemodule;
				VALIDATE_PRODUCT = YES;
			};
			name = Release;
		};
		6EF2BEA42C62161500029A40 /* Debug */ = {
			isa = XCBuildConfiguration;
			buildSettings = {
				ASSETCATALOG_COMPILER_APPICON_NAME = AppIcon;
				ASSETCATALOG_COMPILER_GLOBAL_ACCENT_COLOR_NAME = AccentColor;
				CODE_SIGN_STYLE = Automatic;
				CURRENT_PROJECT_VERSION = 1;
				DEVELOPMENT_TEAM = S95774CNK5;
				GENERATE_INFOPLIST_FILE = YES;
				INFOPLIST_FILE = VSDeviceTimeline/Info.plist;
				INFOPLIST_KEY_UIApplicationSupportsIndirectInputEvents = YES;
				INFOPLIST_KEY_UILaunchStoryboardName = LaunchScreen;
				INFOPLIST_KEY_UIMainStoryboardFile = "";
				INFOPLIST_KEY_UISupportedInterfaceOrientations_iPad = "UIInterfaceOrientationPortrait UIInterfaceOrientationPortraitUpsideDown UIInterfaceOrientationLandscapeLeft UIInterfaceOrientationLandscapeRight";
				INFOPLIST_KEY_UISupportedInterfaceOrientations_iPhone = "UIInterfaceOrientationPortrait UIInterfaceOrientationLandscapeLeft UIInterfaceOrientationLandscapeRight";
				LD_RUNPATH_SEARCH_PATHS = (
					"$(inherited)",
					"@executable_path/Frameworks",
				);
				MARKETING_VERSION = 1.0;
				PRODUCT_BUNDLE_IDENTIFIER = com.vstrazdin.VSDeviceTimeline;
				PRODUCT_NAME = "$(TARGET_NAME)";
				SWIFT_EMIT_LOC_STRINGS = YES;
				SWIFT_VERSION = 5.0;
				TARGETED_DEVICE_FAMILY = "1,2";
			};
			name = Debug;
		};
		6EF2BEA52C62161500029A40 /* Release */ = {
			isa = XCBuildConfiguration;
			buildSettings = {
				ASSETCATALOG_COMPILER_APPICON_NAME = AppIcon;
				ASSETCATALOG_COMPILER_GLOBAL_ACCENT_COLOR_NAME = AccentColor;
				CODE_SIGN_STYLE = Automatic;
				CURRENT_PROJECT_VERSION = 1;
				DEVELOPMENT_TEAM = S95774CNK5;
				GENERATE_INFOPLIST_FILE = YES;
				INFOPLIST_FILE = VSDeviceTimeline/Info.plist;
				INFOPLIST_KEY_UIApplicationSupportsIndirectInputEvents = YES;
				INFOPLIST_KEY_UILaunchStoryboardName = LaunchScreen;
				INFOPLIST_KEY_UIMainStoryboardFile = "";
				INFOPLIST_KEY_UISupportedInterfaceOrientations_iPad = "UIInterfaceOrientationPortrait UIInterfaceOrientationPortraitUpsideDown UIInterfaceOrientationLandscapeLeft UIInterfaceOrientationLandscapeRight";
				INFOPLIST_KEY_UISupportedInterfaceOrientations_iPhone = "UIInterfaceOrientationPortrait UIInterfaceOrientationLandscapeLeft UIInterfaceOrientationLandscapeRight";
				LD_RUNPATH_SEARCH_PATHS = (
					"$(inherited)",
					"@executable_path/Frameworks",
				);
				MARKETING_VERSION = 1.0;
				PRODUCT_BUNDLE_IDENTIFIER = com.vstrazdin.VSDeviceTimeline;
				PRODUCT_NAME = "$(TARGET_NAME)";
				SWIFT_EMIT_LOC_STRINGS = YES;
				SWIFT_VERSION = 5.0;
				TARGETED_DEVICE_FAMILY = "1,2";
			};
			name = Release;
		};
/* End XCBuildConfiguration section */

/* Begin XCConfigurationList section */
		6EF2BE8A2C62161200029A40 /* Build configuration list for PBXProject "VSDeviceTimeline" */ = {
			isa = XCConfigurationList;
			buildConfigurations = (
				6EF2BEA12C62161500029A40 /* Debug */,
				6EF2BEA22C62161500029A40 /* Release */,
			);
			defaultConfigurationIsVisible = 0;
			defaultConfigurationName = Release;
		};
		6EF2BEA32C62161500029A40 /* Build configuration list for PBXNativeTarget "VSDeviceTimeline" */ = {
			isa = XCConfigurationList;
			buildConfigurations = (
				6EF2BEA42C62161500029A40 /* Debug */,
				6EF2BEA52C62161500029A40 /* Release */,
			);
			defaultConfigurationIsVisible = 0;
			defaultConfigurationName = Release;
		};
/* End XCConfigurationList section */
	};
	rootObject = 6EF2BE872C62161200029A40 /* Project object */;
}
